
Microsoft Visual Studio Solution File, Format Version 12.00
Project("{2150E333-8FDC-42A3-9474-1A3956D46DE8}") = "src", "src", "{827E0CD3-B72D-47B6-A68D-7590B98EB39B}"
	ProjectSection(SolutionItems) = preProject
		src\.env = src\.env
	EndProjectSection
EndProject
Project("{FAE04EC0-301F-11D3-BF4B-00C04F79EFBC}") = "Adwais.Api", "src\Api\Adwais.Api.csproj", "{C80275F0-6B87-40A3-88F1-F929FCFC7345}"
EndProject
Project("{FAE04EC0-301F-11D3-BF4B-00C04F79EFBC}") = "Adwais.Domain", "src\Domain\Adwais.Domain.csproj", "{A5A775C1-09B4-489A-963D-3C464B9E9076}"
EndProject
Project("{FAE04EC0-301F-11D3-BF4B-00C04F79EFBC}") = "Adwais.Infrastructure", "src\Infrastructure\Adwais.Infrastructure.csproj", "{802C24FA-A13E-4EF4-BC27-B5774DA161B5}"
EndProject
Project("{2150E333-8FDC-42A3-9474-1A3956D46DE8}") = "Application", "Application", "{22BAF98C-8415-17C4-B26A-D537657BC863}"
EndProject
Project("{FAE04EC0-301F-11D3-BF4B-00C04F79EFBC}") = "Adwais.Application", "src\Application\Adwais.Application.csproj", "{74F55D32-D430-4368-94F1-B55359D11E22}"
EndProject
Project("{2150E333-8FDC-42A3-9474-1A3956D46DE8}") = "tests", "tests", "{0AB3BF05-4346-4AA6-1389-037BE0695223}"
EndProject
Project("{FAE04EC0-301F-11D3-BF4B-00C04F79EFBC}") = "Adwais.Tests", "tests\Adwais.Tests\Adwais.Tests.csproj", "{A588B6B6-D378-4E7C-89A0-56AE2421FB90}"
EndProject
Global
	GlobalSection(SolutionConfigurationPlatforms) = preSolution
		Debug|Any CPU = Debug|Any CPU
		Debug|x64 = Debug|x64
		Debug|x86 = Debug|x86
		Release|Any CPU = Release|Any CPU
		Release|x64 = Release|x64
		Release|x86 = Release|x86
	EndGlobalSection
	GlobalSection(ProjectConfigurationPlatforms) = postSolution
		{C80275F0-6B87-40A3-88F1-F929FCFC7345}.Debug|Any CPU.ActiveCfg = Debug|Any CPU
		{C80275F0-6B87-40A3-88F1-F929FCFC7345}.Debug|Any CPU.Build.0 = Debug|Any CPU
		{C80275F0-6B87-40A3-88F1-F929FCFC7345}.Debug|x64.ActiveCfg = Debug|Any CPU
		{C80275F0-6B87-40A3-88F1-F929FCFC7345}.Debug|x64.Build.0 = Debug|Any CPU
		{C80275F0-6B87-40A3-88F1-F929FCFC7345}.Debug|x86.ActiveCfg = Debug|Any CPU
		{C80275F0-6B87-40A3-88F1-F929FCFC7345}.Debug|x86.Build.0 = Debug|Any CPU
		{C80275F0-6B87-40A3-88F1-F929FCFC7345}.Release|Any CPU.ActiveCfg = Release|Any CPU
		{C80275F0-6B87-40A3-88F1-F929FCFC7345}.Release|Any CPU.Build.0 = Release|Any CPU
		{C80275F0-6B87-40A3-88F1-F929FCFC7345}.Release|x64.ActiveCfg = Release|Any CPU
		{C80275F0-6B87-40A3-88F1-F929FCFC7345}.Release|x64.Build.0 = Release|Any CPU
		{C80275F0-6B87-40A3-88F1-F929FCFC7345}.Release|x86.ActiveCfg = Release|Any CPU
		{C80275F0-6B87-40A3-88F1-F929FCFC7345}.Release|x86.Build.0 = Release|Any CPU
		{A5A775C1-09B4-489A-963D-3C464B9E9076}.Debug|Any CPU.ActiveCfg = Debug|Any CPU
		{A5A775C1-09B4-489A-963D-3C464B9E9076}.Debug|Any CPU.Build.0 = Debug|Any CPU
		{A5A775C1-09B4-489A-963D-3C464B9E9076}.Debug|x64.ActiveCfg = Debug|Any CPU
		{A5A775C1-09B4-489A-963D-3C464B9E9076}.Debug|x64.Build.0 = Debug|Any CPU
		{A5A775C1-09B4-489A-963D-3C464B9E9076}.Debug|x86.ActiveCfg = Debug|Any CPU
		{A5A775C1-09B4-489A-963D-3C464B9E9076}.Debug|x86.Build.0 = Debug|Any CPU
		{A5A775C1-09B4-489A-963D-3C464B9E9076}.Release|Any CPU.ActiveCfg = Release|Any CPU
		{A5A775C1-09B4-489A-963D-3C464B9E9076}.Release|Any CPU.Build.0 = Release|Any CPU
		{A5A775C1-09B4-489A-963D-3C464B9E9076}.Release|x64.ActiveCfg = Release|Any CPU
		{A5A775C1-09B4-489A-963D-3C464B9E9076}.Release|x64.Build.0 = Release|Any CPU
		{A5A775C1-09B4-489A-963D-3C464B9E9076}.Release|x86.ActiveCfg = Release|Any CPU
		{A5A775C1-09B4-489A-963D-3C464B9E9076}.Release|x86.Build.0 = Release|Any CPU
		{802C24FA-A13E-4EF4-BC27-B5774DA161B5}.Debug|Any CPU.ActiveCfg = Debug|Any CPU
		{802C24FA-A13E-4EF4-BC27-B5774DA161B5}.Debug|Any CPU.Build.0 = Debug|Any CPU
		{802C24FA-A13E-4EF4-BC27-B5774DA161B5}.Debug|x64.ActiveCfg = Debug|Any CPU
		{802C24FA-A13E-4EF4-BC27-B5774DA161B5}.Debug|x64.Build.0 = Debug|Any CPU
		{802C24FA-A13E-4EF4-BC27-B5774DA161B5}.Debug|x86.ActiveCfg = Debug|Any CPU
		{802C24FA-A13E-4EF4-BC27-B5774DA161B5}.Debug|x86.Build.0 = Debug|Any CPU
		{802C24FA-A13E-4EF4-BC27-B5774DA161B5}.Release|Any CPU.ActiveCfg = Release|Any CPU
		{802C24FA-A13E-4EF4-BC27-B5774DA161B5}.Release|Any CPU.Build.0 = Release|Any CPU
		{802C24FA-A13E-4EF4-BC27-B5774DA161B5}.Release|x64.ActiveCfg = Release|Any CPU
		{802C24FA-A13E-4EF4-BC27-B5774DA161B5}.Release|x64.Build.0 = Release|Any CPU
		{802C24FA-A13E-4EF4-BC27-B5774DA161B5}.Release|x86.ActiveCfg = Release|Any CPU
		{802C24FA-A13E-4EF4-BC27-B5774DA161B5}.Release|x86.Build.0 = Release|Any CPU
		{74F55D32-D430-4368-94F1-B55359D11E22}.Debug|Any CPU.ActiveCfg = Debug|Any CPU
		{74F55D32-D430-4368-94F1-B55359D11E22}.Debug|Any CPU.Build.0 = Debug|Any CPU
		{74F55D32-D430-4368-94F1-B55359D11E22}.Debug|x64.ActiveCfg = Debug|Any CPU
		{74F55D32-D430-4368-94F1-B55359D11E22}.Debug|x64.Build.0 = Debug|Any CPU
		{74F55D32-D430-4368-94F1-B55359D11E22}.Debug|x86.ActiveCfg = Debug|Any CPU
		{74F55D32-D430-4368-94F1-B55359D11E22}.Debug|x86.Build.0 = Debug|Any CPU
		{74F55D32-D430-4368-94F1-B55359D11E22}.Release|Any CPU.ActiveCfg = Release|Any CPU
		{74F55D32-D430-4368-94F1-B55359D11E22}.Release|Any CPU.Build.0 = Release|Any CPU
		{74F55D32-D430-4368-94F1-B55359D11E22}.Release|x64.ActiveCfg = Release|Any CPU
		{74F55D32-D430-4368-94F1-B55359D11E22}.Release|x64.Build.0 = Release|Any CPU
		{74F55D32-D430-4368-94F1-B55359D11E22}.Release|x86.ActiveCfg = Release|Any CPU
		{74F55D32-D430-4368-94F1-B55359D11E22}.Release|x86.Build.0 = Release|Any CPU
		{A588B6B6-D378-4E7C-89A0-56AE2421FB90}.Debug|Any CPU.ActiveCfg = Debug|Any CPU
		{A588B6B6-D378-4E7C-89A0-56AE2421FB90}.Debug|Any CPU.Build.0 = Debug|Any CPU
		{A588B6B6-D378-4E7C-89A0-56AE2421FB90}.Debug|x64.ActiveCfg = Debug|Any CPU
		{A588B6B6-D378-4E7C-89A0-56AE2421FB90}.Debug|x64.Build.0 = Debug|Any CPU
		{A588B6B6-D378-4E7C-89A0-56AE2421FB90}.Debug|x86.ActiveCfg = Debug|Any CPU
		{A588B6B6-D378-4E7C-89A0-56AE2421FB90}.Debug|x86.Build.0 = Debug|Any CPU
		{A588B6B6-D378-4E7C-89A0-56AE2421FB90}.Release|Any CPU.ActiveCfg = Release|Any CPU
		{A588B6B6-D378-4E7C-89A0-56AE2421FB90}.Release|Any CPU.Build.0 = Release|Any CPU
		{A588B6B6-D378-4E7C-89A0-56AE2421FB90}.Release|x64.ActiveCfg = Release|Any CPU
		{A588B6B6-D378-4E7C-89A0-56AE2421FB90}.Release|x64.Build.0 = Release|Any CPU
		{A588B6B6-D378-4E7C-89A0-56AE2421FB90}.Release|x86.ActiveCfg = Release|Any CPU
		{A588B6B6-D378-4E7C-89A0-56AE2421FB90}.Release|x86.Build.0 = Release|Any CPU
	EndGlobalSection
	GlobalSection(SolutionProperties) = preSolution
		HideSolutionNode = FALSE
	EndGlobalSection
	GlobalSection(NestedProjects) = preSolution
		{C80275F0-6B87-40A3-88F1-F929FCFC7345} = {827E0CD3-B72D-47B6-A68D-7590B98EB39B}
		{A5A775C1-09B4-489A-963D-3C464B9E9076} = {827E0CD3-B72D-47B6-A68D-7590B98EB39B}
		{802C24FA-A13E-4EF4-BC27-B5774DA161B5} = {827E0CD3-B72D-47B6-A68D-7590B98EB39B}
		{22BAF98C-8415-17C4-B26A-D537657BC863} = {827E0CD3-B72D-47B6-A68D-7590B98EB39B}
		{74F55D32-D430-4368-94F1-B55359D11E22} = {22BAF98C-8415-17C4-B26A-D537657BC863}
		{A588B6B6-D378-4E7C-89A0-56AE2421FB90} = {0AB3BF05-4346-4AA6-1389-037BE0695223}
	EndGlobalSection
EndGlobal
